// !$*UTF8*$!
{
	archiveVersion = 1;
	classes = {
	};
	objectVersion = 56;
	objects = {

/* Begin PBXBuildFile section */
		64DD5FA32B95C8BF002E04CC /* Expense_TrackerApp.swift in Sources */ = {isa = PBXBuildFile; fileRef = 64DD5FA22B95C8BF002E04CC /* Expense_TrackerApp.swift */; };
		64DD5FA52B95C8BF002E04CC /* MainView.swift in Sources */ = {isa = PBXBuildFile; fileRef = 64DD5FA42B95C8BF002E04CC /* MainView.swift */; };
		64DD5FA72B95C8BF002E04CC /* Assets.xcassets in Resources */ = {isa = PBXBuildFile; fileRef = 64DD5FA62B95C8BF002E04CC /* Assets.xcassets */; };
		64DD5FAA2B95C8BF002E04CC /* Preview Assets.xcassets in Resources */ = {isa = PBXBuildFile; fileRef = 64DD5FA92B95C8BF002E04CC /* Preview Assets.xcassets */; };
		64DD5FB42B95C92B002E04CC /* ExoenseView.swift in Sources */ = {isa = PBXBuildFile; fileRef = 64DD5FB32B95C92B002E04CC /* ExoenseView.swift */; };
		64DD5FB62B95C937002E04CC /* AddExpenseView.swift in Sources */ = {isa = PBXBuildFile; fileRef = 64DD5FB52B95C937002E04CC /* AddExpenseView.swift */; };
		64DD5FB82B95C94C002E04CC /* EditExpenseView.swift in Sources */ = {isa = PBXBuildFile; fileRef = 64DD5FB72B95C94C002E04CC /* EditExpenseView.swift */; };
		64DD5FBA2B95C958002E04CC /* SettingsView.swift in Sources */ = {isa = PBXBuildFile; fileRef = 64DD5FB92B95C958002E04CC /* SettingsView.swift */; };
		64DD5FBD2B95CD02002E04CC /* ExpenseTracker.xcdatamodeld in Sources */ = {isa = PBXBuildFile; fileRef = 64DD5FBB2B95CD02002E04CC /* ExpenseTracker.xcdatamodeld */; };
		64DD5FBF2B95CDB8002E04CC /* DataController.swift in Sources */ = {isa = PBXBuildFile; fileRef = 64DD5FBE2B95CDB8002E04CC /* DataController.swift */; };
/* End PBXBuildFile section */

/* Begin PBXFileReference section */
		64DD5F9F2B95C8BF002E04CC /* Expense Tracker.app */ = {isa = PBXFileReference; explicitFileType = wrapper.application; includeInIndex = 0; path = "Expense Tracker.app"; sourceTree = BUILT_PRODUCTS_DIR; };
		64DD5FA22B95C8BF002E04CC /* Expense_TrackerApp.swift */ = {isa = PBXFileReference; lastKnownFileType = sourcecode.swift; path = Expense_TrackerApp.swift; sourceTree = "<group>"; };
		64DD5FA42B95C8BF002E04CC /* MainView.swift */ = {isa = PBXFileReference; lastKnownFileType = sourcecode.swift; path = MainView.swift; sourceTree = "<group>"; };
		64DD5FA62B95C8BF002E04CC /* Assets.xcassets */ = {isa = PBXFileReference; lastKnownFileType = folder.assetcatalog; path = Assets.xcassets; sourceTree = "<group>"; };
		64DD5FA92B95C8BF002E04CC /* Preview Assets.xcassets */ = {isa = PBXFileReference; lastKnownFileType = folder.assetcatalog; path = "Preview Assets.xcassets"; sourceTree = "<group>"; };
		64DD5FB32B95C92B002E04CC /* ExoenseView.swift */ = {isa = PBXFileReference; lastKnownFileType = sourcecode.swift; path = ExoenseView.swift; sourceTree = "<group>"; };
		64DD5FB52B95C937002E04CC /* AddExpenseView.swift */ = {isa = PBXFileReference; lastKnownFileType = sourcecode.swift; path = AddExpenseView.swift; sourceTree = "<group>"; };
		64DD5FB72B95C94C002E04CC /* EditExpenseView.swift */ = {isa = PBXFileReference; lastKnownFileType = sourcecode.swift; path = EditExpenseView.swift; sourceTree = "<group>"; };
		64DD5FB92B95C958002E04CC /* SettingsView.swift */ = {isa = PBXFileReference; lastKnownFileType = sourcecode.swift; path = SettingsView.swift; sourceTree = "<group>"; };
		64DD5FBC2B95CD02002E04CC /* ExpenseTracker.xcdatamodel */ = {isa = PBXFileReference; lastKnownFileType = wrapper.xcdatamodel; path = ExpenseTracker.xcdatamodel; sourceTree = "<group>"; };
		64DD5FBE2B95CDB8002E04CC /* DataController.swift */ = {isa = PBXFileReference; lastKnownFileType = sourcecode.swift; path = DataController.swift; sourceTree = "<group>"; };
/* End PBXFileReference section */

/* Begin PBXFrameworksBuildPhase section */
		64DD5F9C2B95C8BF002E04CC /* Frameworks */ = {
			isa = PBXFrameworksBuildPhase;
			buildActionMask = 2147483647;
			files = (
			);
			runOnlyForDeploymentPostprocessing = 0;
		};
/* End PBXFrameworksBuildPhase section */

/* Begin PBXGroup section */
		64DD5F962B95C8BF002E04CC = {
			isa = PBXGroup;
			children = (
				64DD5FA12B95C8BF002E04CC /* Expense Tracker */,
				64DD5FA02B95C8BF002E04CC /* Products */,
			);
			sourceTree = "<group>";
		};
		64DD5FA02B95C8BF002E04CC /* Products */ = {
			isa = PBXGroup;
			children = (
				64DD5F9F2B95C8BF002E04CC /* Expense Tracker.app */,
			);
			name = Products;
			sourceTree = "<group>";
		};
		64DD5FA12B95C8BF002E04CC /* Expense Tracker */ = {
			isa = PBXGroup;
			children = (
				64DD5FA22B95C8BF002E04CC /* Expense_TrackerApp.swift */,
				64DD5FB02B95C8DD002E04CC /* Views */,
				64DD5FB22B95C8EC002E04CC /* DataModel */,
				64DD5FB12B95C8E5002E04CC /* Components */,
				64DD5FA62B95C8BF002E04CC /* Assets.xcassets */,
				64DD5FA82B95C8BF002E04CC /* Preview Content */,
			);
			path = "Expense Tracker";
			sourceTree = "<group>";
		};
		64DD5FA82B95C8BF002E04CC /* Preview Content */ = {
			isa = PBXGroup;
			children = (
				64DD5FA92B95C8BF002E04CC /* Preview Assets.xcassets */,
			);
			path = "Preview Content";
			sourceTree = "<group>";
		};
		64DD5FB02B95C8DD002E04CC /* Views */ = {
			isa = PBXGroup;
			children = (
				64DD5FA42B95C8BF002E04CC /* MainView.swift */,
				64DD5FB32B95C92B002E04CC /* ExoenseView.swift */,
				64DD5FB52B95C937002E04CC /* AddExpenseView.swift */,
				64DD5FB72B95C94C002E04CC /* EditExpenseView.swift */,
				64DD5FB92B95C958002E04CC /* SettingsView.swift */,
			);
			path = Views;
			sourceTree = "<group>";
		};
		64DD5FB12B95C8E5002E04CC /* Components */ = {
			isa = PBXGroup;
			children = (
			);
			path = Components;
			sourceTree = "<group>";
		};
		64DD5FB22B95C8EC002E04CC /* DataModel */ = {
			isa = PBXGroup;
			children = (
				64DD5FBB2B95CD02002E04CC /* ExpenseTracker.xcdatamodeld */,
				64DD5FBE2B95CDB8002E04CC /* DataController.swift */,
			);
			path = DataModel;
			sourceTree = "<group>";
		};
/* End PBXGroup section */

/* Begin PBXNativeTarget section */
		64DD5F9E2B95C8BF002E04CC /* Expense Tracker */ = {
			isa = PBXNativeTarget;
			buildConfigurationList = 64DD5FAD2B95C8BF002E04CC /* Build configuration list for PBXNativeTarget "Expense Tracker" */;
			buildPhases = (
				64DD5F9B2B95C8BF002E04CC /* Sources */,
				64DD5F9C2B95C8BF002E04CC /* Frameworks */,
				64DD5F9D2B95C8BF002E04CC /* Resources */,
			);
			buildRules = (
			);
			dependencies = (
			);
			name = "Expense Tracker";
			productName = "Expense Tracker";
			productReference = 64DD5F9F2B95C8BF002E04CC /* Expense Tracker.app */;
			productType = "com.apple.product-type.application";
		};
/* End PBXNativeTarget section */

/* Begin PBXProject section */
		64DD5F972B95C8BF002E04CC /* Project object */ = {
			isa = PBXProject;
			attributes = {
				BuildIndependentTargetsInParallel = 1;
				LastSwiftUpdateCheck = 1520;
				LastUpgradeCheck = 1520;
				TargetAttributes = {
					64DD5F9E2B95C8BF002E04CC = {
						CreatedOnToolsVersion = 15.2;
					};
				};
			};
			buildConfigurationList = 64DD5F9A2B95C8BF002E04CC /* Build configuration list for PBXProject "Expense Tracker" */;
			compatibilityVersion = "Xcode 14.0";
			developmentRegion = en;
			hasScannedForEncodings = 0;
			knownRegions = (
				en,
				Base,
			);
			mainGroup = 64DD5F962B95C8BF002E04CC;
			productRefGroup = 64DD5FA02B95C8BF002E04CC /* Products */;
			projectDirPath = "";
			projectRoot = "";
			targets = (
				64DD5F9E2B95C8BF002E04CC /* Expense Tracker */,
			);
		};
/* End PBXProject section */

/* Begin PBXResourcesBuildPhase section */
		64DD5F9D2B95C8BF002E04CC /* Resources */ = {
			isa = PBXResourcesBuildPhase;
			buildActionMask = 2147483647;
			files = (
				64DD5FAA2B95C8BF002E04CC /* Preview Assets.xcassets in Resources */,
				64DD5FA72B95C8BF002E04CC /* Assets.xcassets in Resources */,
			);
			runOnlyForDeploymentPostprocessing = 0;
		};
/* End PBXResourcesBuildPhase section */

/* Begin PBXSourcesBuildPhase section */
		64DD5F9B2B95C8BF002E04CC /* Sources */ = {
			isa = PBXSourcesBuildPhase;
			buildActionMask = 2147483647;
			files = (
				64DD5FB42B95C92B002E04CC /* ExoenseView.swift in Sources */,
				64DD5FB82B95C94C002E04CC /* EditExpenseView.swift in Sources */,
				64DD5FA52B95C8BF002E04CC /* MainView.swift in Sources */,
				64DD5FBD2B95CD02002E04CC /* ExpenseTracker.xcdatamodeld in Sources */,
				64DD5FBA2B95C958002E04CC /* SettingsView.swift in Sources */,
				64DD5FBF2B95CDB8002E04CC /* DataController.swift in Sources */,
				64DD5FA32B95C8BF002E04CC /* Expense_TrackerApp.swift in Sources */,
				64DD5FB62B95C937002E04CC /* AddExpenseView.swift in Sources */,
			);
			runOnlyForDeploymentPostprocessing = 0;
		};
/* End PBXSourcesBuildPhase section */

/* Begin XCBuildConfiguration section */
		64DD5FAB2B95C8BF002E04CC /* Debug */ = {
			isa = XCBuildConfiguration;
			buildSettings = {
				ALWAYS_SEARCH_USER_PATHS = NO;
				ASSETCATALOG_COMPILER_GENERATE_SWIFT_ASSET_SYMBOL_EXTENSIONS = YES;
				CLANG_ANALYZER_NONNULL = YES;
				CLANG_ANALYZER_NUMBER_OBJECT_CONVERSION = YES_AGGRESSIVE;
				CLANG_CXX_LANGUAGE_STANDARD = "gnu++20";
				CLANG_ENABLE_MODULES = YES;
				CLANG_ENABLE_OBJC_ARC = YES;
				CLANG_ENABLE_OBJC_WEAK = YES;
				CLANG_WARN_BLOCK_CAPTURE_AUTORELEASING = YES;
				CLANG_WARN_BOOL_CONVERSION = YES;
				CLANG_WARN_COMMA = YES;
				CLANG_WARN_CONSTANT_CONVERSION = YES;
				CLANG_WARN_DEPRECATED_OBJC_IMPLEMENTATIONS = YES;
				CLANG_WARN_DIRECT_OBJC_ISA_USAGE = YES_ERROR;
				CLANG_WARN_DOCUMENTATION_COMMENTS = YES;
				CLANG_WARN_EMPTY_BODY = YES;
				CLANG_WARN_ENUM_CONVERSION = YES;
				CLANG_WARN_INFINITE_RECURSION = YES;
				CLANG_WARN_INT_CONVERSION = YES;
				CLANG_WARN_NON_LITERAL_NULL_CONVERSION = YES;
				CLANG_WARN_OBJC_IMPLICIT_RETAIN_SELF = YES;
				CLANG_WARN_OBJC_LITERAL_CONVERSION = YES;
				CLANG_WARN_OBJC_ROOT_CLASS = YES_ERROR;
				CLANG_WARN_QUOTED_INCLUDE_IN_FRAMEWORK_HEADER = YES;
				CLANG_WARN_RANGE_LOOP_ANALYSIS = YES;
				CLANG_WARN_STRICT_PROTOTYPES = YES;
				CLANG_WARN_SUSPICIOUS_MOVE = YES;
				CLANG_WARN_UNGUARDED_AVAILABILITY = YES_AGGRESSIVE;
				CLANG_WARN_UNREACHABLE_CODE = YES;
				CLANG_WARN__DUPLICATE_METHOD_MATCH = YES;
				COPY_PHASE_STRIP = NO;
				DEBUG_INFORMATION_FORMAT = dwarf;
				ENABLE_STRICT_OBJC_MSGSEND = YES;
				ENABLE_TESTABILITY = YES;
				ENABLE_USER_SCRIPT_SANDBOXING = YES;
				GCC_C_LANGUAGE_STANDARD = gnu17;
				GCC_DYNAMIC_NO_PIC = NO;
				GCC_NO_COMMON_BLOCKS = YES;
				GCC_OPTIMIZATION_LEVEL = 0;
				GCC_PREPROCESSOR_DEFINITIONS = (
					"DEBUG=1",
					"$(inherited)",
				);
				GCC_WARN_64_TO_32_BIT_CONVERSION = YES;
				GCC_WARN_ABOUT_RETURN_TYPE = YES_ERROR;
				GCC_WARN_UNDECLARED_SELECTOR = YES;
				GCC_WARN_UNINITIALIZED_AUTOS = YES_AGGRESSIVE;
				GCC_WARN_UNUSED_FUNCTION = YES;
				GCC_WARN_UNUSED_VARIABLE = YES;
				IPHONEOS_DEPLOYMENT_TARGET = 17.2;
				LOCALIZATION_PREFERS_STRING_CATALOGS = YES;
				MTL_ENABLE_DEBUG_INFO = INCLUDE_SOURCE;
				MTL_FAST_MATH = YES;
				ONLY_ACTIVE_ARCH = YES;
				SDKROOT = iphoneos;
				SWIFT_ACTIVE_COMPILATION_CONDITIONS = "DEBUG $(inherited)";
				SWIFT_OPTIMIZATION_LEVEL = "-Onone";
			};
			name = Debug;
		};
		64DD5FAC2B95C8BF002E04CC /* Release */ = {
			isa = XCBuildConfiguration;
			buildSettings = {
				ALWAYS_SEARCH_USER_PATHS = NO;
				ASSETCATALOG_COMPILER_GENERATE_SWIFT_ASSET_SYMBOL_EXTENSIONS = YES;
				CLANG_ANALYZER_NONNULL = YES;
				CLANG_ANALYZER_NUMBER_OBJECT_CONVERSION = YES_AGGRESSIVE;
				CLANG_CXX_LANGUAGE_STANDARD = "gnu++20";
				CLANG_ENABLE_MODULES = YES;
				CLANG_ENABLE_OBJC_ARC = YES;
				CLANG_ENABLE_OBJC_WEAK = YES;
				CLANG_WARN_BLOCK_CAPTURE_AUTORELEASING = YES;
				CLANG_WARN_BOOL_CONVERSION = YES;
				CLANG_WARN_COMMA = YES;
				CLANG_WARN_CONSTANT_CONVERSION = YES;
				CLANG_WARN_DEPRECATED_OBJC_IMPLEMENTATIONS = YES;
				CLANG_WARN_DIRECT_OBJC_ISA_USAGE = YES_ERROR;
				CLANG_WARN_DOCUMENTATION_COMMENTS = YES;
				CLANG_WARN_EMPTY_BODY = YES;
				CLANG_WARN_ENUM_CONVERSION = YES;
				CLANG_WARN_INFINITE_RECURSION = YES;
				CLANG_WARN_INT_CONVERSION = YES;
				CLANG_WARN_NON_LITERAL_NULL_CONVERSION = YES;
				CLANG_WARN_OBJC_IMPLICIT_RETAIN_SELF = YES;
				CLANG_WARN_OBJC_LITERAL_CONVERSION = YES;
				CLANG_WARN_OBJC_ROOT_CLASS = YES_ERROR;
				CLANG_WARN_QUOTED_INCLUDE_IN_FRAMEWORK_HEADER = YES;
				CLANG_WARN_RANGE_LOOP_ANALYSIS = YES;
				CLANG_WARN_STRICT_PROTOTYPES = YES;
				CLANG_WARN_SUSPICIOUS_MOVE = YES;
				CLANG_WARN_UNGUARDED_AVAILABILITY = YES_AGGRESSIVE;
				CLANG_WARN_UNREACHABLE_CODE = YES;
				CLANG_WARN__DUPLICATE_METHOD_MATCH = YES;
				COPY_PHASE_STRIP = NO;
				DEBUG_INFORMATION_FORMAT = "dwarf-with-dsym";
				ENABLE_NS_ASSERTIONS = NO;
				ENABLE_STRICT_OBJC_MSGSEND = YES;
				ENABLE_USER_SCRIPT_SANDBOXING = YES;
				GCC_C_LANGUAGE_STANDARD = gnu17;
				GCC_NO_COMMON_BLOCKS = YES;
				GCC_WARN_64_TO_32_BIT_CONVERSION = YES;
				GCC_WARN_ABOUT_RETURN_TYPE = YES_ERROR;
				GCC_WARN_UNDECLARED_SELECTOR = YES;
				GCC_WARN_UNINITIALIZED_AUTOS = YES_AGGRESSIVE;
				GCC_WARN_UNUSED_FUNCTION = YES;
				GCC_WARN_UNUSED_VARIABLE = YES;
				IPHONEOS_DEPLOYMENT_TARGET = 17.2;
				LOCALIZATION_PREFERS_STRING_CATALOGS = YES;
				MTL_ENABLE_DEBUG_INFO = NO;
				MTL_FAST_MATH = YES;
				SDKROOT = iphoneos;
				SWIFT_COMPILATION_MODE = wholemodule;
				VALIDATE_PRODUCT = YES;
			};
			name = Release;
		};
		64DD5FAE2B95C8BF002E04CC /* Debug */ = {
			isa = XCBuildConfiguration;
			buildSettings = {
				ASSETCATALOG_COMPILER_APPICON_NAME = AppIcon;
				ASSETCATALOG_COMPILER_GLOBAL_ACCENT_COLOR_NAME = AccentColor;
				CODE_SIGN_STYLE = Automatic;
				CURRENT_PROJECT_VERSION = 1;
				DEVELOPMENT_ASSET_PATHS = "\"Expense Tracker/Preview Content\"";
				DEVELOPMENT_TEAM = H4X7G96ZKF;
				ENABLE_PREVIEWS = YES;
				GENERATE_INFOPLIST_FILE = YES;
				INFOPLIST_KEY_UIApplicationSceneManifest_Generation = YES;
				INFOPLIST_KEY_UIApplicationSupportsIndirectInputEvents = YES;
				INFOPLIST_KEY_UILaunchScreen_Generation = YES;
				INFOPLIST_KEY_UISupportedInterfaceOrientations_iPad = "UIInterfaceOrientationPortrait UIInterfaceOrientationPortraitUpsideDown UIInterfaceOrientationLandscapeLeft UIInterfaceOrientationLandscapeRight";
				INFOPLIST_KEY_UISupportedInterfaceOrientations_iPhone = "UIInterfaceOrientationPortrait UIInterfaceOrientationLandscapeLeft UIInterfaceOrientationLandscapeRight";
				LD_RUNPATH_SEARCH_PATHS = (
					"$(inherited)",
					"@executable_path/Frameworks",
				);
				MARKETING_VERSION = 1.0;
				PRODUCT_BUNDLE_IDENTIFIER = "com.palatipjant.Expense-Tracker";
				PRODUCT_NAME = "$(TARGET_NAME)";
				SWIFT_EMIT_LOC_STRINGS = YES;
				SWIFT_VERSION = 5.0;
				TARGETED_DEVICE_FAMILY = "1,2";
			};
			name = Debug;
		};
		64DD5FAF2B95C8BF002E04CC /* Release */ = {
			isa = XCBuildConfiguration;
			buildSettings = {
				ASSETCATALOG_COMPILER_APPICON_NAME = AppIcon;
				ASSETCATALOG_COMPILER_GLOBAL_ACCENT_COLOR_NAME = AccentColor;
				CODE_SIGN_STYLE = Automatic;
				CURRENT_PROJECT_VERSION = 1;
				DEVELOPMENT_ASSET_PATHS = "\"Expense Tracker/Preview Content\"";
				DEVELOPMENT_TEAM = H4X7G96ZKF;
				ENABLE_PREVIEWS = YES;
				GENERATE_INFOPLIST_FILE = YES;
				INFOPLIST_KEY_UIApplicationSceneManifest_Generation = YES;
				INFOPLIST_KEY_UIApplicationSupportsIndirectInputEvents = YES;
				INFOPLIST_KEY_UILaunchScreen_Generation = YES;
				INFOPLIST_KEY_UISupportedInterfaceOrientations_iPad = "UIInterfaceOrientationPortrait UIInterfaceOrientationPortraitUpsideDown UIInterfaceOrientationLandscapeLeft UIInterfaceOrientationLandscapeRight";
				INFOPLIST_KEY_UISupportedInterfaceOrientations_iPhone = "UIInterfaceOrientationPortrait UIInterfaceOrientationLandscapeLeft UIInterfaceOrientationLandscapeRight";
				LD_RUNPATH_SEARCH_PATHS = (
					"$(inherited)",
					"@executable_path/Frameworks",
				);
				MARKETING_VERSION = 1.0;
				PRODUCT_BUNDLE_IDENTIFIER = "com.palatipjant.Expense-Tracker";
				PRODUCT_NAME = "$(TARGET_NAME)";
				SWIFT_EMIT_LOC_STRINGS = YES;
				SWIFT_VERSION = 5.0;
				TARGETED_DEVICE_FAMILY = "1,2";
			};
			name = Release;
		};
/* End XCBuildConfiguration section */

/* Begin XCConfigurationList section */
		64DD5F9A2B95C8BF002E04CC /* Build configuration list for PBXProject "Expense Tracker" */ = {
			isa = XCConfigurationList;
			buildConfigurations = (
				64DD5FAB2B95C8BF002E04CC /* Debug */,
				64DD5FAC2B95C8BF002E04CC /* Release */,
			);
			defaultConfigurationIsVisible = 0;
			defaultConfigurationName = Release;
		};
		64DD5FAD2B95C8BF002E04CC /* Build configuration list for PBXNativeTarget "Expense Tracker" */ = {
			isa = XCConfigurationList;
			buildConfigurations = (
				64DD5FAE2B95C8BF002E04CC /* Debug */,
				64DD5FAF2B95C8BF002E04CC /* Release */,
			);
			defaultConfigurationIsVisible = 0;
			defaultConfigurationName = Release;
		};
/* End XCConfigurationList section */

/* Begin XCVersionGroup section */
		64DD5FBB2B95CD02002E04CC /* ExpenseTracker.xcdatamodeld */ = {
			isa = XCVersionGroup;
			children = (
				64DD5FBC2B95CD02002E04CC /* ExpenseTracker.xcdatamodel */,
			);
			currentVersion = 64DD5FBC2B95CD02002E04CC /* ExpenseTracker.xcdatamodel */;
			path = ExpenseTracker.xcdatamodeld;
			sourceTree = "<group>";
			versionGroupType = wrapper.xcdatamodel;
		};
/* End XCVersionGroup section */
	};
	rootObject = 64DD5F972B95C8BF002E04CC /* Project object */;
}
